
Microsoft Visual Studio Solution File, Format Version 12.00
# Visual Studio Version 17
VisualStudioVersion = 17.2.32630.192
MinimumVisualStudioVersion = 10.0.40219.1
Project("{FAE04EC0-301F-11D3-BF4B-00C04F79EFBC}") = "BoynerCaseProject", "BoynerCaseProject\BoynerCaseProject.csproj", "{ABC10750-9D1D-4492-AD25-22F5AA8FC92B}"
EndProject
Project("{FAE04EC0-301F-11D3-BF4B-00C04F79EFBC}") = "TestBoynerCaseProject", "TestBoynerCaseProject\TestBoynerCaseProject.csproj", "{A4DAF882-0BEC-4856-B145-653CD422FF34}"
EndProject
Global
	GlobalSection(SolutionConfigurationPlatforms) = preSolution
		Debug|Any CPU = Debug|Any CPU
		Release|Any CPU = Release|Any CPU
	EndGlobalSection
	GlobalSection(ProjectConfigurationPlatforms) = postSolution
		{ABC10750-9D1D-4492-AD25-22F5AA8FC92B}.Debug|Any CPU.ActiveCfg = Debug|Any CPU
		{ABC10750-9D1D-4492-AD25-22F5AA8FC92B}.Debug|Any CPU.Build.0 = Debug|Any CPU
		{ABC10750-9D1D-4492-AD25-22F5AA8FC92B}.Release|Any CPU.ActiveCfg = Release|Any CPU
		{ABC10750-9D1D-4492-AD25-22F5AA8FC92B}.Release|Any CPU.Build.0 = Release|Any CPU
		{A4DAF882-0BEC-4856-B145-653CD422FF34}.Debug|Any CPU.ActiveCfg = Debug|Any CPU
		{A4DAF882-0BEC-4856-B145-653CD422FF34}.Debug|Any CPU.Build.0 = Debug|Any CPU
		{A4DAF882-0BEC-4856-B145-653CD422FF34}.Release|Any CPU.ActiveCfg = Release|Any CPU
		{A4DAF882-0BEC-4856-B145-653CD422FF34}.Release|Any CPU.Build.0 = Release|Any CPU
	EndGlobalSection
	GlobalSection(SolutionProperties) = preSolution
		HideSolutionNode = FALSE
	EndGlobalSection
	GlobalSection(ExtensibilityGlobals) = postSolution
		SolutionGuid = {4E8F45FB-0DFD-4FD8-BAD3-4F2A10AEE182}
	EndGlobalSection
EndGlobal
